
Microsoft Visual Studio Solution File, Format Version 12.00
# Visual Studio Version 16
VisualStudioVersion = 16.0.28803.452
MinimumVisualStudioVersion = 10.0.40219.1
Project("{9A19103F-16F7-4668-BE54-9A1E7A4F7556}") = "Graph", "Graph\Graph.csproj", "{77DF67A1-6D58-4D82-98F4-9ECFDA98F559}"
EndProject
Global
	GlobalSection(SolutionConfigurationPlatforms) = preSolution
		Debug|Any CPU = Debug|Any CPU
		Release|Any CPU = Release|Any CPU
	EndGlobalSection
	GlobalSection(ProjectConfigurationPlatforms) = postSolution
		{77DF67A1-6D58-4D82-98F4-9ECFDA98F559}.Debug|Any CPU.ActiveCfg = Debug|Any CPU
		{77DF67A1-6D58-4D82-98F4-9ECFDA98F559}.Debug|Any CPU.Build.0 = Debug|Any CPU
		{77DF67A1-6D58-4D82-98F4-9ECFDA98F559}.Release|Any CPU.ActiveCfg = Release|Any CPU
		{77DF67A1-6D58-4D82-98F4-9ECFDA98F559}.Release|Any CPU.Build.0 = Release|Any CPU
	EndGlobalSection
	GlobalSection(SolutionProperties) = preSolution
		HideSolutionNode = FALSE
	EndGlobalSection
	GlobalSection(ExtensibilityGlobals) = postSolution
		SolutionGuid = {759032D1-0E48-4FAE-B7E2-0D681D81723B}
	EndGlobalSection
EndGlobal
